
Microsoft Visual Studio Solution File, Format Version 12.00
# Visual Studio 14
VisualStudioVersion = 14.0.25420.1
MinimumVisualStudioVersion = 10.0.40219.1
Project("{FAE04EC0-301F-11D3-BF4B-00C04F79EFBC}") = "Pets", "Pets\Pets.csproj", "{E9E09D94-995F-4037-97B9-3DD2FF8994C0}"
EndProject
Project("{FAE04EC0-301F-11D3-BF4B-00C04F79EFBC}") = "Pets.Test", "Pets.Test\Pets.Test.csproj", "{A88B9338-07E5-4A7B-83FA-640E65C387EA}"
EndProject
Global
	GlobalSection(SolutionConfigurationPlatforms) = preSolution
		Debug|Any CPU = Debug|Any CPU
		Release|Any CPU = Release|Any CPU
	EndGlobalSection
	GlobalSection(ProjectConfigurationPlatforms) = postSolution
		{E9E09D94-995F-4037-97B9-3DD2FF8994C0}.Debug|Any CPU.ActiveCfg = Debug|Any CPU
		{E9E09D94-995F-4037-97B9-3DD2FF8994C0}.Debug|Any CPU.Build.0 = Debug|Any CPU
		{E9E09D94-995F-4037-97B9-3DD2FF8994C0}.Release|Any CPU.ActiveCfg = Release|Any CPU
		{E9E09D94-995F-4037-97B9-3DD2FF8994C0}.Release|Any CPU.Build.0 = Release|Any CPU
		{A88B9338-07E5-4A7B-83FA-640E65C387EA}.Debug|Any CPU.ActiveCfg = Debug|Any CPU
		{A88B9338-07E5-4A7B-83FA-640E65C387EA}.Debug|Any CPU.Build.0 = Debug|Any CPU
		{A88B9338-07E5-4A7B-83FA-640E65C387EA}.Release|Any CPU.ActiveCfg = Release|Any CPU
		{A88B9338-07E5-4A7B-83FA-640E65C387EA}.Release|Any CPU.Build.0 = Release|Any CPU
	EndGlobalSection
	GlobalSection(SolutionProperties) = preSolution
		HideSolutionNode = FALSE
	EndGlobalSection
EndGlobal
